grpcio==1.76.0 \
    --hash=sha256:980a846182ce88c4f2f7e2c22c56aefd515daeb36149d1c897f83cf57999e0b6 \
    --hash=sha256:f9f7bd5faab55f47231ad8dba7787866b69f5e93bc306e3915606779bbfb4ba8
protobuf==6.33.4 \
    --hash=sha256:1fe3730068fcf2e595816a6c34fe66eeedd37d51d0400b72fabc848811fdc1bc
typing-extensions==4.15.0 \
    --hash=sha256:f0fa19c6845758ab08074a0cfa8b7aecb71c999ca73d62883bc25cc018c4e548
